
Microsoft Visual Studio Solution File, Format Version 12.00
# Visual Studio Version 17
VisualStudioVersion = 17.4.33122.133
MinimumVisualStudioVersion = 10.0.40219.1
Project("{9A19103F-16F7-4668-BE54-9A1E7A4F7556}") = "Exam.BusinessLogic", "Exam.Application\Exam.BusinessLogic.csproj", "{9483BD60-85DF-4D77-9945-A31A0D98F447}"
EndProject
Project("{9A19103F-16F7-4668-BE54-9A1E7A4F7556}") = "Exam.Core", "Exam.Core\Exam.Core.csproj", "{2BD4B4CA-F634-4C3C-9088-69DF3A002A64}"
EndProject
Project("{9A19103F-16F7-4668-BE54-9A1E7A4F7556}") = "Exam.Web.Host", "Exam.Web.Core\Exam.Web.Host.csproj", "{3840C14D-DB62-4529-8465-4F01BD89D731}"
EndProject
Project("{9A19103F-16F7-4668-BE54-9A1E7A4F7556}") = "Exam.Database", "Exam.EntityFrameworkCore\Exam.Database.csproj", "{74E6545E-2937-4C59-BD2E-61329379DE54}"
EndProject
Global
	GlobalSection(SolutionConfigurationPlatforms) = preSolution
		Debug|Any CPU = Debug|Any CPU
		Release|Any CPU = Release|Any CPU
	EndGlobalSection
	GlobalSection(ProjectConfigurationPlatforms) = postSolution
		{9483BD60-85DF-4D77-9945-A31A0D98F447}.Debug|Any CPU.ActiveCfg = Debug|Any CPU
		{9483BD60-85DF-4D77-9945-A31A0D98F447}.Debug|Any CPU.Build.0 = Debug|Any CPU
		{9483BD60-85DF-4D77-9945-A31A0D98F447}.Release|Any CPU.ActiveCfg = Release|Any CPU
		{9483BD60-85DF-4D77-9945-A31A0D98F447}.Release|Any CPU.Build.0 = Release|Any CPU
		{2BD4B4CA-F634-4C3C-9088-69DF3A002A64}.Debug|Any CPU.ActiveCfg = Debug|Any CPU
		{2BD4B4CA-F634-4C3C-9088-69DF3A002A64}.Debug|Any CPU.Build.0 = Debug|Any CPU
		{2BD4B4CA-F634-4C3C-9088-69DF3A002A64}.Release|Any CPU.ActiveCfg = Release|Any CPU
		{2BD4B4CA-F634-4C3C-9088-69DF3A002A64}.Release|Any CPU.Build.0 = Release|Any CPU
		{3840C14D-DB62-4529-8465-4F01BD89D731}.Debug|Any CPU.ActiveCfg = Debug|Any CPU
		{3840C14D-DB62-4529-8465-4F01BD89D731}.Debug|Any CPU.Build.0 = Debug|Any CPU
		{3840C14D-DB62-4529-8465-4F01BD89D731}.Release|Any CPU.ActiveCfg = Release|Any CPU
		{3840C14D-DB62-4529-8465-4F01BD89D731}.Release|Any CPU.Build.0 = Release|Any CPU
		{74E6545E-2937-4C59-BD2E-61329379DE54}.Debug|Any CPU.ActiveCfg = Debug|Any CPU
		{74E6545E-2937-4C59-BD2E-61329379DE54}.Debug|Any CPU.Build.0 = Debug|Any CPU
		{74E6545E-2937-4C59-BD2E-61329379DE54}.Release|Any CPU.ActiveCfg = Release|Any CPU
		{74E6545E-2937-4C59-BD2E-61329379DE54}.Release|Any CPU.Build.0 = Release|Any CPU
	EndGlobalSection
	GlobalSection(SolutionProperties) = preSolution
		HideSolutionNode = FALSE
	EndGlobalSection
	GlobalSection(ExtensibilityGlobals) = postSolution
		SolutionGuid = {3FCB0024-2C17-4654-B8CB-15A69C82229A}
	EndGlobalSection
EndGlobal
